
Microsoft Visual Studio Solution File, Format Version 12.00
# Visual Studio Version 17
VisualStudioVersion = 17.5.33627.172
MinimumVisualStudioVersion = 10.0.40219.1
Project("{FAE04EC0-301F-11D3-BF4B-00C04F79EFBC}") = "TimeManager", "TimeTracker\TimeManager.csproj", "{11CAA754-3118-4F98-B0B3-58FD62639858}"
EndProject
Project("{9A19103F-16F7-4668-BE54-9A1E7A4F7556}") = "TestFramework", "TestFramework\TestFramework.csproj", "{248516CC-25F7-4C00-AAA2-8E2C01FAB734}"
EndProject
Project("{FAE04EC0-301F-11D3-BF4B-00C04F79EFBC}") = "SamplePlugin", "SamplePlugin\SamplePlugin.csproj", "{56978AFD-73E7-4A6B-8911-15086FBAAEB2}"
EndProject
Project("{FAE04EC0-301F-11D3-BF4B-00C04F79EFBC}") = "PluginFramework", "PluginFramework\PluginFramework.csproj", "{8A1B426E-DD15-4C6D-8244-89E75E8B8CAD}"
EndProject
Project("{FAE04EC0-301F-11D3-BF4B-00C04F79EFBC}") = "TimeManagerOutlookPlugin", "OutlookPlugin\TimeManagerOutlookPlugin.csproj", "{9717E93E-DAB1-4D19-BA54-A3BBEAB862CD}"
EndProject
Project("{FAE04EC0-301F-11D3-BF4B-00C04F79EFBC}") = "OutlookComsPlugin", "OutlookComsPlugin\OutlookComsPlugin.csproj", "{F562CBA5-0324-460D-815D-E5EA3409B0DD}"
EndProject
Project("{2150E333-8FDC-42A3-9474-1A3956D46DE8}") = "Plugins", "Plugins", "{80B72542-4587-45C5-B42A-79AE34969D06}"
EndProject
Project("{2150E333-8FDC-42A3-9474-1A3956D46DE8}") = "Testing", "Testing", "{A976E68D-8672-4806-950A-E1E57B76517B}"
EndProject
Project("{2150E333-8FDC-42A3-9474-1A3956D46DE8}") = "Integrations", "Integrations", "{4C77633D-EE87-4D22-B755-6A156CB5D726}"
EndProject
Global
	GlobalSection(SolutionConfigurationPlatforms) = preSolution
		Debug|Any CPU = Debug|Any CPU
		Debug|x64 = Debug|x64
		Release|Any CPU = Release|Any CPU
		Release|x64 = Release|x64
	EndGlobalSection
	GlobalSection(ProjectConfigurationPlatforms) = postSolution
		{11CAA754-3118-4F98-B0B3-58FD62639858}.Debug|Any CPU.ActiveCfg = Debug|Any CPU
		{11CAA754-3118-4F98-B0B3-58FD62639858}.Debug|Any CPU.Build.0 = Debug|Any CPU
		{11CAA754-3118-4F98-B0B3-58FD62639858}.Debug|x64.ActiveCfg = Debug|x64
		{11CAA754-3118-4F98-B0B3-58FD62639858}.Debug|x64.Build.0 = Debug|x64
		{11CAA754-3118-4F98-B0B3-58FD62639858}.Release|Any CPU.ActiveCfg = Release|Any CPU
		{11CAA754-3118-4F98-B0B3-58FD62639858}.Release|Any CPU.Build.0 = Release|Any CPU
		{11CAA754-3118-4F98-B0B3-58FD62639858}.Release|x64.ActiveCfg = Release|x64
		{11CAA754-3118-4F98-B0B3-58FD62639858}.Release|x64.Build.0 = Release|x64
		{248516CC-25F7-4C00-AAA2-8E2C01FAB734}.Debug|Any CPU.ActiveCfg = Debug|Any CPU
		{248516CC-25F7-4C00-AAA2-8E2C01FAB734}.Debug|Any CPU.Build.0 = Debug|Any CPU
		{248516CC-25F7-4C00-AAA2-8E2C01FAB734}.Debug|x64.ActiveCfg = Debug|Any CPU
		{248516CC-25F7-4C00-AAA2-8E2C01FAB734}.Debug|x64.Build.0 = Debug|Any CPU
		{248516CC-25F7-4C00-AAA2-8E2C01FAB734}.Release|Any CPU.ActiveCfg = Release|Any CPU
		{248516CC-25F7-4C00-AAA2-8E2C01FAB734}.Release|Any CPU.Build.0 = Release|Any CPU
		{248516CC-25F7-4C00-AAA2-8E2C01FAB734}.Release|x64.ActiveCfg = Release|Any CPU
		{248516CC-25F7-4C00-AAA2-8E2C01FAB734}.Release|x64.Build.0 = Release|Any CPU
		{56978AFD-73E7-4A6B-8911-15086FBAAEB2}.Debug|Any CPU.ActiveCfg = Debug|Any CPU
		{56978AFD-73E7-4A6B-8911-15086FBAAEB2}.Debug|Any CPU.Build.0 = Debug|Any CPU
		{56978AFD-73E7-4A6B-8911-15086FBAAEB2}.Debug|x64.ActiveCfg = Debug|Any CPU
		{56978AFD-73E7-4A6B-8911-15086FBAAEB2}.Debug|x64.Build.0 = Debug|Any CPU
		{56978AFD-73E7-4A6B-8911-15086FBAAEB2}.Release|Any CPU.ActiveCfg = Release|Any CPU
		{56978AFD-73E7-4A6B-8911-15086FBAAEB2}.Release|Any CPU.Build.0 = Release|Any CPU
		{56978AFD-73E7-4A6B-8911-15086FBAAEB2}.Release|x64.ActiveCfg = Release|Any CPU
		{56978AFD-73E7-4A6B-8911-15086FBAAEB2}.Release|x64.Build.0 = Release|Any CPU
		{8A1B426E-DD15-4C6D-8244-89E75E8B8CAD}.Debug|Any CPU.ActiveCfg = Debug|Any CPU
		{8A1B426E-DD15-4C6D-8244-89E75E8B8CAD}.Debug|Any CPU.Build.0 = Debug|Any CPU
		{8A1B426E-DD15-4C6D-8244-89E75E8B8CAD}.Debug|x64.ActiveCfg = Debug|Any CPU
		{8A1B426E-DD15-4C6D-8244-89E75E8B8CAD}.Debug|x64.Build.0 = Debug|Any CPU
		{8A1B426E-DD15-4C6D-8244-89E75E8B8CAD}.Release|Any CPU.ActiveCfg = Release|Any CPU
		{8A1B426E-DD15-4C6D-8244-89E75E8B8CAD}.Release|Any CPU.Build.0 = Release|Any CPU
		{8A1B426E-DD15-4C6D-8244-89E75E8B8CAD}.Release|x64.ActiveCfg = Release|Any CPU
		{8A1B426E-DD15-4C6D-8244-89E75E8B8CAD}.Release|x64.Build.0 = Release|Any CPU
		{9717E93E-DAB1-4D19-BA54-A3BBEAB862CD}.Debug|Any CPU.ActiveCfg = Debug|Any CPU
		{9717E93E-DAB1-4D19-BA54-A3BBEAB862CD}.Debug|Any CPU.Build.0 = Debug|Any CPU
		{9717E93E-DAB1-4D19-BA54-A3BBEAB862CD}.Debug|x64.ActiveCfg = Debug|Any CPU
		{9717E93E-DAB1-4D19-BA54-A3BBEAB862CD}.Debug|x64.Build.0 = Debug|Any CPU
		{9717E93E-DAB1-4D19-BA54-A3BBEAB862CD}.Release|Any CPU.ActiveCfg = Release|Any CPU
		{9717E93E-DAB1-4D19-BA54-A3BBEAB862CD}.Release|Any CPU.Build.0 = Release|Any CPU
		{9717E93E-DAB1-4D19-BA54-A3BBEAB862CD}.Release|x64.ActiveCfg = Release|Any CPU
		{9717E93E-DAB1-4D19-BA54-A3BBEAB862CD}.Release|x64.Build.0 = Release|Any CPU
		{F562CBA5-0324-460D-815D-E5EA3409B0DD}.Debug|Any CPU.ActiveCfg = Debug|Any CPU
		{F562CBA5-0324-460D-815D-E5EA3409B0DD}.Debug|Any CPU.Build.0 = Debug|Any CPU
		{F562CBA5-0324-460D-815D-E5EA3409B0DD}.Debug|x64.ActiveCfg = Debug|Any CPU
		{F562CBA5-0324-460D-815D-E5EA3409B0DD}.Debug|x64.Build.0 = Debug|Any CPU
		{F562CBA5-0324-460D-815D-E5EA3409B0DD}.Release|Any CPU.ActiveCfg = Release|Any CPU
		{F562CBA5-0324-460D-815D-E5EA3409B0DD}.Release|Any CPU.Build.0 = Release|Any CPU
		{F562CBA5-0324-460D-815D-E5EA3409B0DD}.Release|x64.ActiveCfg = Release|Any CPU
		{F562CBA5-0324-460D-815D-E5EA3409B0DD}.Release|x64.Build.0 = Release|Any CPU
	EndGlobalSection
	GlobalSection(SolutionProperties) = preSolution
		HideSolutionNode = FALSE
	EndGlobalSection
	GlobalSection(NestedProjects) = preSolution
		{248516CC-25F7-4C00-AAA2-8E2C01FAB734} = {A976E68D-8672-4806-950A-E1E57B76517B}
		{56978AFD-73E7-4A6B-8911-15086FBAAEB2} = {80B72542-4587-45C5-B42A-79AE34969D06}
		{9717E93E-DAB1-4D19-BA54-A3BBEAB862CD} = {4C77633D-EE87-4D22-B755-6A156CB5D726}
		{F562CBA5-0324-460D-815D-E5EA3409B0DD} = {80B72542-4587-45C5-B42A-79AE34969D06}
	EndGlobalSection
	GlobalSection(ExtensibilityGlobals) = postSolution
		SolutionGuid = {C73FB983-30A3-46F3-9C4D-D1A15F466D63}
	EndGlobalSection
EndGlobal
